
Microsoft Visual Studio Solution File, Format Version 12.00
# Visual Studio Version 16
VisualStudioVersion = 16.0.34031.81
MinimumVisualStudioVersion = 10.0.40219.1
Project("{2150E333-8FDC-42A3-9474-1A3956D46DE8}") = "Task0", "Task0", "{C655C137-E0B1-4571-940D-3E9723E9AE1D}"
EndProject
Project("{FAE04EC0-301F-11D3-BF4B-00C04F79EFBC}") = "Tyuiu.ZainagabdinovR.A.Sprint4.Task0.V30", "Tyuiu.ZainagabdinovR.A.Sprint4.Task0.V30\Tyuiu.ZainagabdinovR.A.Sprint4.Task0.V30.csproj", "{A80DA14F-1990-4D84-95A9-96F1ADE56891}"
EndProject
Project("{FAE04EC0-301F-11D3-BF4B-00C04F79EFBC}") = "Tyuiu.ZainagabdinovR.A.Sprint4.Task0.V30.Lib", "Tyuiu.ZainagabdinovR.A.Sprint4.Task0.V30.Lib\Tyuiu.ZainagabdinovR.A.Sprint4.Task0.V30.Lib.csproj", "{2FDB0FDB-3743-49BF-8AA4-5B7F415408FA}"
EndProject
Project("{FAE04EC0-301F-11D3-BF4B-00C04F79EFBC}") = "Tyuiu.ZainagabdinovR.A.Sprint4.Task0.V30.Test", "Tyuiu.ZainagabdinovR.A.Sprint4.Task0.V30.Test\Tyuiu.ZainagabdinovR.A.Sprint4.Task0.V30.Test.csproj", "{2D1F2224-0B97-43E0-AFDB-2661FE3DBEC2}"
EndProject
Project("{2150E333-8FDC-42A3-9474-1A3956D46DE8}") = "Task1", "Task1", "{9194BCEF-E3A7-4AC9-A22F-5C21811CFA11}"
EndProject
Project("{FAE04EC0-301F-11D3-BF4B-00C04F79EFBC}") = "Tyuiu.ZainagabdinovR.A.Sprint4.Task1.V1", "Tyuiu.ZainagabdinovR.A.Sprint4.Task1.V1\Tyuiu.ZainagabdinovR.A.Sprint4.Task1.V1.csproj", "{8FFB1136-8909-45F0-A345-C24B5E983F93}"
EndProject
Project("{FAE04EC0-301F-11D3-BF4B-00C04F79EFBC}") = "Tyuiu.ZainagabdinovR.A.Sprint4.Task1.V1.Lib", "Tyuiu.ZainagabdinovR.A.Sprint4.Task1.V1.Lib\Tyuiu.ZainagabdinovR.A.Sprint4.Task1.V1.Lib.csproj", "{F4DD4C28-F868-47E2-8D8B-68A66A846A15}"
EndProject
Project("{FAE04EC0-301F-11D3-BF4B-00C04F79EFBC}") = "Tyuiu.ZainagabdinovR.A.Sprint4.Task1.V1.Test", "Tyuiu.ZainagabdinovR.A.Sprint4.Task1.V1.Test\Tyuiu.ZainagabdinovR.A.Sprint4.Task1.V1.Test.csproj", "{37EFC0C6-B95C-4FE6-8FCC-A749226BA871}"
EndProject
Project("{2150E333-8FDC-42A3-9474-1A3956D46DE8}") = "Task2", "Task2", "{FDF09D09-AFA8-4957-8DCC-3E714A1052C4}"
EndProject
Project("{FAE04EC0-301F-11D3-BF4B-00C04F79EFBC}") = "Tyuiu.ZainagabdinovR.A.Sprint4.Task2.V15", "Tyuiu.ZainagabdinovR.A.Sprint4.Task2.V15\Tyuiu.ZainagabdinovR.A.Sprint4.Task2.V15.csproj", "{39B34441-3D99-4174-9FC1-C5A27C310033}"
EndProject
Project("{FAE04EC0-301F-11D3-BF4B-00C04F79EFBC}") = "Tyuiu.ZainagabdinovR.A.Sprint4.Task2.V15.Lib", "Tyuiu.ZainagabdinovR.A.Sprint4.Task2.V15.Lib\Tyuiu.ZainagabdinovR.A.Sprint4.Task2.V15.Lib.csproj", "{2D03683B-B2F8-4ACB-A0BF-40FC97BB367C}"
EndProject
Project("{FAE04EC0-301F-11D3-BF4B-00C04F79EFBC}") = "Tyuiu.ZainagabdinovR.A.Sprint4.Task2.V15.Test", "Tyuiu.ZainagabdinovR.A.Sprint4.Task2.V15.Test\Tyuiu.ZainagabdinovR.A.Sprint4.Task2.V15.Test.csproj", "{706173A9-BE77-4935-852F-F0747A30DCF8}"
EndProject
Project("{2150E333-8FDC-42A3-9474-1A3956D46DE8}") = "Task3", "Task3", "{2C7654D8-0024-4132-BAFA-2A70BD1B9174}"
EndProject
Project("{FAE04EC0-301F-11D3-BF4B-00C04F79EFBC}") = "Tyuiu.ZainagabdinovR.A.Sprint4.Task3.V26", "Tyuiu.ZainagabdinovR.A.Sprint4.Task3.V26\Tyuiu.ZainagabdinovR.A.Sprint4.Task3.V26.csproj", "{F86C8FBC-01A1-4A5E-ACFC-08EF4354DFD9}"
EndProject
Project("{FAE04EC0-301F-11D3-BF4B-00C04F79EFBC}") = "Tyuiu.ZainagabdinovR.A.Sprint4.Task3.V26.Lib", "Tyuiu.ZainagabdinovR.A.Sprint4.Task3.V26.Lib\Tyuiu.ZainagabdinovR.A.Sprint4.Task3.V26.Lib.csproj", "{C1E53806-A96E-47D6-AB8F-D35B7C222960}"
EndProject
Project("{FAE04EC0-301F-11D3-BF4B-00C04F79EFBC}") = "Tyuiu.ZainagabdinovR.A.Sprint4.Task3.V26.Test", "Tyuiu.ZainagabdinovR.A.Sprint4.Task3.V26.Test\Tyuiu.ZainagabdinovR.A.Sprint4.Task3.V26.Test.csproj", "{0EA5BD19-35C1-4903-B25C-44A0D7604362}"
EndProject
Project("{2150E333-8FDC-42A3-9474-1A3956D46DE8}") = "Task4", "Task4", "{BB326E5F-F52D-4C1D-AC90-AF49D44B48BD}"
EndProject
Project("{FAE04EC0-301F-11D3-BF4B-00C04F79EFBC}") = "Tyuiu.ZainagabdinovR.A.Sprint4.Task4.V28", "Tyuiu.ZainagabdinovR.A.Sprint4.Task4.V28\Tyuiu.ZainagabdinovR.A.Sprint4.Task4.V28.csproj", "{8CFF913C-515F-4050-A119-2BB070C8DA0D}"
EndProject
Project("{FAE04EC0-301F-11D3-BF4B-00C04F79EFBC}") = "Tyuiu.ZainagabdinovR.A.Sprint4.Task4.V28.Lib", "Tyuiu.ZainagabdinovR.A.Sprint4.Task4.V28.Lib\Tyuiu.ZainagabdinovR.A.Sprint4.Task4.V28.Lib.csproj", "{7B81CD82-A8A2-4AB5-B990-B1A693EEF8F8}"
EndProject
Project("{FAE04EC0-301F-11D3-BF4B-00C04F79EFBC}") = "Tyuiu.ZainagabdinovR.A.Sprint4.Task4.V28.Test", "Tyuiu.ZainagabdinovR.A.Sprint4.Task4.V28.Test\Tyuiu.ZainagabdinovR.A.Sprint4.Task4.V28.Test.csproj", "{09599509-2060-4631-B6E8-844BD7AA3AB8}"
EndProject
Project("{2150E333-8FDC-42A3-9474-1A3956D46DE8}") = "Task5", "Task5", "{014A8A9D-82F1-40FA-BDE5-E37DDBA2E4BE}"
EndProject
Project("{FAE04EC0-301F-11D3-BF4B-00C04F79EFBC}") = "Tyuiu.ZainagabdinovR.A.Sprint4.Task5.V21", "Tyuiu.ZainagabdinovR.A.Sprint4.Task5.V21\Tyuiu.ZainagabdinovR.A.Sprint4.Task5.V21.csproj", "{F11D38AC-943C-4483-A5E1-6F6F9E42A3A8}"
EndProject
Project("{FAE04EC0-301F-11D3-BF4B-00C04F79EFBC}") = "Tyuiu.ZainagabdinovR.A.Sprint4.Task5.V21.Lib", "Tyuiu.ZainagabdinovR.A.Sprint4.Task5.V21.Lib\Tyuiu.ZainagabdinovR.A.Sprint4.Task5.V21.Lib.csproj", "{C8CF35CA-DCAA-4B67-82B1-5D745208301B}"
EndProject
Project("{FAE04EC0-301F-11D3-BF4B-00C04F79EFBC}") = "Tyuiu.ZainagabdinovR.A.Sprint4.Task5.V21.Test", "Tyuiu.ZainagabdinovR.A.Sprint4.Task5.V21.Test\Tyuiu.ZainagabdinovR.A.Sprint4.Task5.V21.Test.csproj", "{B4FC0C9E-88D5-49D2-81E1-0B0C04DCABF9}"
EndProject
Project("{2150E333-8FDC-42A3-9474-1A3956D46DE8}") = "Task6", "Task6", "{9AB19A27-D1B7-48CE-9775-257EA0111BE5}"
EndProject
Project("{FAE04EC0-301F-11D3-BF4B-00C04F79EFBC}") = "Tyuiu.ZainagagbdinovR.A.Sprint4.Task6.V17", "Tyuiu.ZainagagbdinovR.A.Sprint4.Task6.V17\Tyuiu.ZainagagbdinovR.A.Sprint4.Task6.V17.csproj", "{089B2314-E130-469A-837E-AEF78987F56B}"
EndProject
Project("{FAE04EC0-301F-11D3-BF4B-00C04F79EFBC}") = "Tyuiu.ZainagagbdinovR.A.Sprint4.Task6.V17.Lib", "Tyuiu.ZainagagbdinovR.A.Sprint4.Task6.V17.Lib\Tyuiu.ZainagagbdinovR.A.Sprint4.Task6.V17.Lib.csproj", "{1BEA5CE3-2428-4B14-95FD-8470A1CD7292}"
EndProject
Project("{FAE04EC0-301F-11D3-BF4B-00C04F79EFBC}") = "Tyuiu.ZainagagbdinovR.A.Sprint4.Task6.V17.Test", "Tyuiu.ZainagagbdinovR.A.Sprint4.Task6.V17.Test\Tyuiu.ZainagagbdinovR.A.Sprint4.Task6.V17.Test.csproj", "{E47B6B94-5BA7-4E5A-AE03-998B9CA68143}"
EndProject
Global
	GlobalSection(SolutionConfigurationPlatforms) = preSolution
		Debug|Any CPU = Debug|Any CPU
		Release|Any CPU = Release|Any CPU
	EndGlobalSection
	GlobalSection(ProjectConfigurationPlatforms) = postSolution
		{A80DA14F-1990-4D84-95A9-96F1ADE56891}.Debug|Any CPU.ActiveCfg = Debug|Any CPU
		{A80DA14F-1990-4D84-95A9-96F1ADE56891}.Debug|Any CPU.Build.0 = Debug|Any CPU
		{A80DA14F-1990-4D84-95A9-96F1ADE56891}.Release|Any CPU.ActiveCfg = Release|Any CPU
		{A80DA14F-1990-4D84-95A9-96F1ADE56891}.Release|Any CPU.Build.0 = Release|Any CPU
		{2FDB0FDB-3743-49BF-8AA4-5B7F415408FA}.Debug|Any CPU.ActiveCfg = Debug|Any CPU
		{2FDB0FDB-3743-49BF-8AA4-5B7F415408FA}.Debug|Any CPU.Build.0 = Debug|Any CPU
		{2FDB0FDB-3743-49BF-8AA4-5B7F415408FA}.Release|Any CPU.ActiveCfg = Release|Any CPU
		{2FDB0FDB-3743-49BF-8AA4-5B7F415408FA}.Release|Any CPU.Build.0 = Release|Any CPU
		{2D1F2224-0B97-43E0-AFDB-2661FE3DBEC2}.Debug|Any CPU.ActiveCfg = Debug|Any CPU
		{2D1F2224-0B97-43E0-AFDB-2661FE3DBEC2}.Debug|Any CPU.Build.0 = Debug|Any CPU
		{2D1F2224-0B97-43E0-AFDB-2661FE3DBEC2}.Release|Any CPU.ActiveCfg = Release|Any CPU
		{2D1F2224-0B97-43E0-AFDB-2661FE3DBEC2}.Release|Any CPU.Build.0 = Release|Any CPU
		{8FFB1136-8909-45F0-A345-C24B5E983F93}.Debug|Any CPU.ActiveCfg = Debug|Any CPU
		{8FFB1136-8909-45F0-A345-C24B5E983F93}.Debug|Any CPU.Build.0 = Debug|Any CPU
		{8FFB1136-8909-45F0-A345-C24B5E983F93}.Release|Any CPU.ActiveCfg = Release|Any CPU
		{8FFB1136-8909-45F0-A345-C24B5E983F93}.Release|Any CPU.Build.0 = Release|Any CPU
		{F4DD4C28-F868-47E2-8D8B-68A66A846A15}.Debug|Any CPU.ActiveCfg = Debug|Any CPU
		{F4DD4C28-F868-47E2-8D8B-68A66A846A15}.Debug|Any CPU.Build.0 = Debug|Any CPU
		{F4DD4C28-F868-47E2-8D8B-68A66A846A15}.Release|Any CPU.ActiveCfg = Release|Any CPU
		{F4DD4C28-F868-47E2-8D8B-68A66A846A15}.Release|Any CPU.Build.0 = Release|Any CPU
		{37EFC0C6-B95C-4FE6-8FCC-A749226BA871}.Debug|Any CPU.ActiveCfg = Debug|Any CPU
		{37EFC0C6-B95C-4FE6-8FCC-A749226BA871}.Debug|Any CPU.Build.0 = Debug|Any CPU
		{37EFC0C6-B95C-4FE6-8FCC-A749226BA871}.Release|Any CPU.ActiveCfg = Release|Any CPU
		{37EFC0C6-B95C-4FE6-8FCC-A749226BA871}.Release|Any CPU.Build.0 = Release|Any CPU
		{39B34441-3D99-4174-9FC1-C5A27C310033}.Debug|Any CPU.ActiveCfg = Debug|Any CPU
		{39B34441-3D99-4174-9FC1-C5A27C310033}.Debug|Any CPU.Build.0 = Debug|Any CPU
		{39B34441-3D99-4174-9FC1-C5A27C310033}.Release|Any CPU.ActiveCfg = Release|Any CPU
		{39B34441-3D99-4174-9FC1-C5A27C310033}.Release|Any CPU.Build.0 = Release|Any CPU
		{2D03683B-B2F8-4ACB-A0BF-40FC97BB367C}.Debug|Any CPU.ActiveCfg = Debug|Any CPU
		{2D03683B-B2F8-4ACB-A0BF-40FC97BB367C}.Debug|Any CPU.Build.0 = Debug|Any CPU
		{2D03683B-B2F8-4ACB-A0BF-40FC97BB367C}.Release|Any CPU.ActiveCfg = Release|Any CPU
		{2D03683B-B2F8-4ACB-A0BF-40FC97BB367C}.Release|Any CPU.Build.0 = Release|Any CPU
		{706173A9-BE77-4935-852F-F0747A30DCF8}.Debug|Any CPU.ActiveCfg = Debug|Any CPU
		{706173A9-BE77-4935-852F-F0747A30DCF8}.Debug|Any CPU.Build.0 = Debug|Any CPU
		{706173A9-BE77-4935-852F-F0747A30DCF8}.Release|Any CPU.ActiveCfg = Release|Any CPU
		{706173A9-BE77-4935-852F-F0747A30DCF8}.Release|Any CPU.Build.0 = Release|Any CPU
		{F86C8FBC-01A1-4A5E-ACFC-08EF4354DFD9}.Debug|Any CPU.ActiveCfg = Debug|Any CPU
		{F86C8FBC-01A1-4A5E-ACFC-08EF4354DFD9}.Debug|Any CPU.Build.0 = Debug|Any CPU
		{F86C8FBC-01A1-4A5E-ACFC-08EF4354DFD9}.Release|Any CPU.ActiveCfg = Release|Any CPU
		{F86C8FBC-01A1-4A5E-ACFC-08EF4354DFD9}.Release|Any CPU.Build.0 = Release|Any CPU
		{C1E53806-A96E-47D6-AB8F-D35B7C222960}.Debug|Any CPU.ActiveCfg = Debug|Any CPU
		{C1E53806-A96E-47D6-AB8F-D35B7C222960}.Debug|Any CPU.Build.0 = Debug|Any CPU
		{C1E53806-A96E-47D6-AB8F-D35B7C222960}.Release|Any CPU.ActiveCfg = Release|Any CPU
		{C1E53806-A96E-47D6-AB8F-D35B7C222960}.Release|Any CPU.Build.0 = Release|Any CPU
		{0EA5BD19-35C1-4903-B25C-44A0D7604362}.Debug|Any CPU.ActiveCfg = Debug|Any CPU
		{0EA5BD19-35C1-4903-B25C-44A0D7604362}.Debug|Any CPU.Build.0 = Debug|Any CPU
		{0EA5BD19-35C1-4903-B25C-44A0D7604362}.Release|Any CPU.ActiveCfg = Release|Any CPU
		{0EA5BD19-35C1-4903-B25C-44A0D7604362}.Release|Any CPU.Build.0 = Release|Any CPU
		{8CFF913C-515F-4050-A119-2BB070C8DA0D}.Debug|Any CPU.ActiveCfg = Debug|Any CPU
		{8CFF913C-515F-4050-A119-2BB070C8DA0D}.Debug|Any CPU.Build.0 = Debug|Any CPU
		{8CFF913C-515F-4050-A119-2BB070C8DA0D}.Release|Any CPU.ActiveCfg = Release|Any CPU
		{8CFF913C-515F-4050-A119-2BB070C8DA0D}.Release|Any CPU.Build.0 = Release|Any CPU
		{7B81CD82-A8A2-4AB5-B990-B1A693EEF8F8}.Debug|Any CPU.ActiveCfg = Debug|Any CPU
		{7B81CD82-A8A2-4AB5-B990-B1A693EEF8F8}.Debug|Any CPU.Build.0 = Debug|Any CPU
		{7B81CD82-A8A2-4AB5-B990-B1A693EEF8F8}.Release|Any CPU.ActiveCfg = Release|Any CPU
		{7B81CD82-A8A2-4AB5-B990-B1A693EEF8F8}.Release|Any CPU.Build.0 = Release|Any CPU
		{09599509-2060-4631-B6E8-844BD7AA3AB8}.Debug|Any CPU.ActiveCfg = Debug|Any CPU
		{09599509-2060-4631-B6E8-844BD7AA3AB8}.Debug|Any CPU.Build.0 = Debug|Any CPU
		{09599509-2060-4631-B6E8-844BD7AA3AB8}.Release|Any CPU.ActiveCfg = Release|Any CPU
		{09599509-2060-4631-B6E8-844BD7AA3AB8}.Release|Any CPU.Build.0 = Release|Any CPU
		{F11D38AC-943C-4483-A5E1-6F6F9E42A3A8}.Debug|Any CPU.ActiveCfg = Debug|Any CPU
		{F11D38AC-943C-4483-A5E1-6F6F9E42A3A8}.Debug|Any CPU.Build.0 = Debug|Any CPU
		{F11D38AC-943C-4483-A5E1-6F6F9E42A3A8}.Release|Any CPU.ActiveCfg = Release|Any CPU
		{F11D38AC-943C-4483-A5E1-6F6F9E42A3A8}.Release|Any CPU.Build.0 = Release|Any CPU
		{C8CF35CA-DCAA-4B67-82B1-5D745208301B}.Debug|Any CPU.ActiveCfg = Debug|Any CPU
		{C8CF35CA-DCAA-4B67-82B1-5D745208301B}.Debug|Any CPU.Build.0 = Debug|Any CPU
		{C8CF35CA-DCAA-4B67-82B1-5D745208301B}.Release|Any CPU.ActiveCfg = Release|Any CPU
		{C8CF35CA-DCAA-4B67-82B1-5D745208301B}.Release|Any CPU.Build.0 = Release|Any CPU
		{B4FC0C9E-88D5-49D2-81E1-0B0C04DCABF9}.Debug|Any CPU.ActiveCfg = Debug|Any CPU
		{B4FC0C9E-88D5-49D2-81E1-0B0C04DCABF9}.Debug|Any CPU.Build.0 = Debug|Any CPU
		{B4FC0C9E-88D5-49D2-81E1-0B0C04DCABF9}.Release|Any CPU.ActiveCfg = Release|Any CPU
		{B4FC0C9E-88D5-49D2-81E1-0B0C04DCABF9}.Release|Any CPU.Build.0 = Release|Any CPU
		{089B2314-E130-469A-837E-AEF78987F56B}.Debug|Any CPU.ActiveCfg = Debug|Any CPU
		{089B2314-E130-469A-837E-AEF78987F56B}.Debug|Any CPU.Build.0 = Debug|Any CPU
		{089B2314-E130-469A-837E-AEF78987F56B}.Release|Any CPU.ActiveCfg = Release|Any CPU
		{089B2314-E130-469A-837E-AEF78987F56B}.Release|Any CPU.Build.0 = Release|Any CPU
		{1BEA5CE3-2428-4B14-95FD-8470A1CD7292}.Debug|Any CPU.ActiveCfg = Debug|Any CPU
		{1BEA5CE3-2428-4B14-95FD-8470A1CD7292}.Debug|Any CPU.Build.0 = Debug|Any CPU
		{1BEA5CE3-2428-4B14-95FD-8470A1CD7292}.Release|Any CPU.ActiveCfg = Release|Any CPU
		{1BEA5CE3-2428-4B14-95FD-8470A1CD7292}.Release|Any CPU.Build.0 = Release|Any CPU
		{E47B6B94-5BA7-4E5A-AE03-998B9CA68143}.Debug|Any CPU.ActiveCfg = Debug|Any CPU
		{E47B6B94-5BA7-4E5A-AE03-998B9CA68143}.Debug|Any CPU.Build.0 = Debug|Any CPU
		{E47B6B94-5BA7-4E5A-AE03-998B9CA68143}.Release|Any CPU.ActiveCfg = Release|Any CPU
		{E47B6B94-5BA7-4E5A-AE03-998B9CA68143}.Release|Any CPU.Build.0 = Release|Any CPU
	EndGlobalSection
	GlobalSection(SolutionProperties) = preSolution
		HideSolutionNode = FALSE
	EndGlobalSection
	GlobalSection(NestedProjects) = preSolution
		{A80DA14F-1990-4D84-95A9-96F1ADE56891} = {C655C137-E0B1-4571-940D-3E9723E9AE1D}
		{2FDB0FDB-3743-49BF-8AA4-5B7F415408FA} = {C655C137-E0B1-4571-940D-3E9723E9AE1D}
		{2D1F2224-0B97-43E0-AFDB-2661FE3DBEC2} = {C655C137-E0B1-4571-940D-3E9723E9AE1D}
		{8FFB1136-8909-45F0-A345-C24B5E983F93} = {9194BCEF-E3A7-4AC9-A22F-5C21811CFA11}
		{F4DD4C28-F868-47E2-8D8B-68A66A846A15} = {9194BCEF-E3A7-4AC9-A22F-5C21811CFA11}
		{37EFC0C6-B95C-4FE6-8FCC-A749226BA871} = {9194BCEF-E3A7-4AC9-A22F-5C21811CFA11}
		{39B34441-3D99-4174-9FC1-C5A27C310033} = {FDF09D09-AFA8-4957-8DCC-3E714A1052C4}
		{2D03683B-B2F8-4ACB-A0BF-40FC97BB367C} = {FDF09D09-AFA8-4957-8DCC-3E714A1052C4}
		{706173A9-BE77-4935-852F-F0747A30DCF8} = {FDF09D09-AFA8-4957-8DCC-3E714A1052C4}
		{F86C8FBC-01A1-4A5E-ACFC-08EF4354DFD9} = {2C7654D8-0024-4132-BAFA-2A70BD1B9174}
		{C1E53806-A96E-47D6-AB8F-D35B7C222960} = {2C7654D8-0024-4132-BAFA-2A70BD1B9174}
		{0EA5BD19-35C1-4903-B25C-44A0D7604362} = {2C7654D8-0024-4132-BAFA-2A70BD1B9174}
		{8CFF913C-515F-4050-A119-2BB070C8DA0D} = {BB326E5F-F52D-4C1D-AC90-AF49D44B48BD}
		{7B81CD82-A8A2-4AB5-B990-B1A693EEF8F8} = {BB326E5F-F52D-4C1D-AC90-AF49D44B48BD}
		{09599509-2060-4631-B6E8-844BD7AA3AB8} = {BB326E5F-F52D-4C1D-AC90-AF49D44B48BD}
		{F11D38AC-943C-4483-A5E1-6F6F9E42A3A8} = {014A8A9D-82F1-40FA-BDE5-E37DDBA2E4BE}
		{C8CF35CA-DCAA-4B67-82B1-5D745208301B} = {014A8A9D-82F1-40FA-BDE5-E37DDBA2E4BE}
		{B4FC0C9E-88D5-49D2-81E1-0B0C04DCABF9} = {014A8A9D-82F1-40FA-BDE5-E37DDBA2E4BE}
		{089B2314-E130-469A-837E-AEF78987F56B} = {9AB19A27-D1B7-48CE-9775-257EA0111BE5}
		{1BEA5CE3-2428-4B14-95FD-8470A1CD7292} = {9AB19A27-D1B7-48CE-9775-257EA0111BE5}
		{E47B6B94-5BA7-4E5A-AE03-998B9CA68143} = {9AB19A27-D1B7-48CE-9775-257EA0111BE5}
	EndGlobalSection
	GlobalSection(ExtensibilityGlobals) = postSolution
		SolutionGuid = {51DBA570-A16F-423A-BA5B-6BDCB07488D8}
	EndGlobalSection
EndGlobal
